// !$*UTF8*$!
{
	archiveVersion = 1;
	classes = {
	};
	objectVersion = 56;
	objects = {

/* Begin PBXBuildFile section */
		1B0C62AA2ADAAEEC000A3C6B /* SpaceLaunchApp.swift in Sources */ = {isa = PBXBuildFile; fileRef = 1B0C62A92ADAAEEC000A3C6B /* SpaceLaunchApp.swift */; };
		1B0C62AC2ADAAEEC000A3C6B /* AppContent.swift in Sources */ = {isa = PBXBuildFile; fileRef = 1B0C62AB2ADAAEEC000A3C6B /* AppContent.swift */; };
		1B0C62AE2ADAAEED000A3C6B /* Assets.xcassets in Resources */ = {isa = PBXBuildFile; fileRef = 1B0C62AD2ADAAEED000A3C6B /* Assets.xcassets */; };
		1B0C62B12ADAAEED000A3C6B /* Preview Assets.xcassets in Resources */ = {isa = PBXBuildFile; fileRef = 1B0C62B02ADAAEED000A3C6B /* Preview Assets.xcassets */; };
		1B0C62BB2ADAAEEE000A3C6B /* SpaceLaunchTests.swift in Sources */ = {isa = PBXBuildFile; fileRef = 1B0C62BA2ADAAEEE000A3C6B /* SpaceLaunchTests.swift */; };
		1B0C62C52ADAAEEE000A3C6B /* SpaceLaunchUITests.swift in Sources */ = {isa = PBXBuildFile; fileRef = 1B0C62C42ADAAEEE000A3C6B /* SpaceLaunchUITests.swift */; };
		1B0C62C72ADAAEEE000A3C6B /* SpaceLaunchUITestsLaunchTests.swift in Sources */ = {isa = PBXBuildFile; fileRef = 1B0C62C62ADAAEEE000A3C6B /* SpaceLaunchUITestsLaunchTests.swift */; };
		1B0C62DE2ADAB19C000A3C6B /* SpaceAPI.swift in Sources */ = {isa = PBXBuildFile; fileRef = 1B0C62DD2ADAB19C000A3C6B /* SpaceAPI.swift */; };
		1B0C62EA2ADAB350000A3C6B /* Endpoint.swift in Sources */ = {isa = PBXBuildFile; fileRef = 1B0C62E72ADAB350000A3C6B /* Endpoint.swift */; };
		1B0C62EB2ADAB350000A3C6B /* EndpointManager.swift in Sources */ = {isa = PBXBuildFile; fileRef = 1B0C62E82ADAB350000A3C6B /* EndpointManager.swift */; };
		1B0C62EC2ADAB350000A3C6B /* EndpointType.swift in Sources */ = {isa = PBXBuildFile; fileRef = 1B0C62E92ADAB350000A3C6B /* EndpointType.swift */; };
		1B0C62EE2ADAB38D000A3C6B /* RequestType.swift in Sources */ = {isa = PBXBuildFile; fileRef = 1B0C62ED2ADAB38D000A3C6B /* RequestType.swift */; };
		1B0C62F12ADAB4E1000A3C6B /* SpaceEndpoint.swift in Sources */ = {isa = PBXBuildFile; fileRef = 1B0C62F02ADAB4E1000A3C6B /* SpaceEndpoint.swift */; };
		1B0C62F32ADAB4F9000A3C6B /* EndpointMakers.swift in Sources */ = {isa = PBXBuildFile; fileRef = 1B0C62F22ADAB4F9000A3C6B /* EndpointMakers.swift */; };
		1B0C62F52ADAB607000A3C6B /* RequestResult.swift in Sources */ = {isa = PBXBuildFile; fileRef = 1B0C62F42ADAB607000A3C6B /* RequestResult.swift */; };
		1B5292062ADBE382000569E9 /* WidgetKit.framework in Frameworks */ = {isa = PBXBuildFile; fileRef = 1B5292052ADBE382000569E9 /* WidgetKit.framework */; };
		1B5292082ADBE382000569E9 /* SwiftUI.framework in Frameworks */ = {isa = PBXBuildFile; fileRef = 1B5292072ADBE382000569E9 /* SwiftUI.framework */; };
		1B52920B2ADBE382000569E9 /* SpaceLaunchWidgetBundle.swift in Sources */ = {isa = PBXBuildFile; fileRef = 1B52920A2ADBE382000569E9 /* SpaceLaunchWidgetBundle.swift */; };
		1B52920D2ADBE382000569E9 /* SpaceLaunchWidget.swift in Sources */ = {isa = PBXBuildFile; fileRef = 1B52920C2ADBE382000569E9 /* SpaceLaunchWidget.swift */; };
		1B5292102ADBE383000569E9 /* Assets.xcassets in Resources */ = {isa = PBXBuildFile; fileRef = 1B52920F2ADBE383000569E9 /* Assets.xcassets */; };
		1B5292122ADBE383000569E9 /* SpaceLaunchWidget.intentdefinition in Sources */ = {isa = PBXBuildFile; fileRef = 1B52920E2ADBE382000569E9 /* SpaceLaunchWidget.intentdefinition */; };
		1B5292132ADBE383000569E9 /* SpaceLaunchWidget.intentdefinition in Sources */ = {isa = PBXBuildFile; fileRef = 1B52920E2ADBE382000569E9 /* SpaceLaunchWidget.intentdefinition */; };
		1B5292162ADBE383000569E9 /* SpaceLaunchWidgetExtension.appex in Embed Foundation Extensions */ = {isa = PBXBuildFile; fileRef = 1B5292032ADBE382000569E9 /* SpaceLaunchWidgetExtension.appex */; settings = {ATTRIBUTES = (RemoveHeadersOnCopy, ); }; };
		1B52921D2ADBEC75000569E9 /* SpaceAPI.swift in Sources */ = {isa = PBXBuildFile; fileRef = 1B0C62DD2ADAB19C000A3C6B /* SpaceAPI.swift */; };
		1B52921E2ADBEC78000569E9 /* SpaceEndpoint.swift in Sources */ = {isa = PBXBuildFile; fileRef = 1B0C62F02ADAB4E1000A3C6B /* SpaceEndpoint.swift */; };
		1B52921F2ADBEC7A000569E9 /* RequestResult.swift in Sources */ = {isa = PBXBuildFile; fileRef = 1B0C62F42ADAB607000A3C6B /* RequestResult.swift */; };
		1B5292202ADBEC7D000569E9 /* EndpointMakers.swift in Sources */ = {isa = PBXBuildFile; fileRef = 1B0C62F22ADAB4F9000A3C6B /* EndpointMakers.swift */; };
		1B5292212ADBEC7F000569E9 /* EndpointType.swift in Sources */ = {isa = PBXBuildFile; fileRef = 1B0C62E92ADAB350000A3C6B /* EndpointType.swift */; };
		1B5292222ADBEC82000569E9 /* Endpoint.swift in Sources */ = {isa = PBXBuildFile; fileRef = 1B0C62E72ADAB350000A3C6B /* Endpoint.swift */; };
		1B5292232ADBEC85000569E9 /* RequestType.swift in Sources */ = {isa = PBXBuildFile; fileRef = 1B0C62ED2ADAB38D000A3C6B /* RequestType.swift */; };
		1B5292242ADBEC88000569E9 /* EndpointManager.swift in Sources */ = {isa = PBXBuildFile; fileRef = 1B0C62E82ADAB350000A3C6B /* EndpointManager.swift */; };
		1B5292252ADBEF9B000569E9 /* RocketLaunchModel.swift in Sources */ = {isa = PBXBuildFile; fileRef = 1BB7B64D2ADAE5B5005991D7 /* RocketLaunchModel.swift */; };
		1B5292262ADBEF9F000569E9 /* LinksModel.swift in Sources */ = {isa = PBXBuildFile; fileRef = 1BB7B64F2ADAE5D1005991D7 /* LinksModel.swift */; };
		1B5292272ADBEFA1000569E9 /* PatchModel.swift in Sources */ = {isa = PBXBuildFile; fileRef = 1BB7B6512ADAE5DD005991D7 /* PatchModel.swift */; };
		1B5292282ADBEFA3000569E9 /* FairingsModel.swift in Sources */ = {isa = PBXBuildFile; fileRef = 1BB7B6532ADAE5F8005991D7 /* FairingsModel.swift */; };
		1B5292292ADBEFA5000569E9 /* RedditModel.swift in Sources */ = {isa = PBXBuildFile; fileRef = 1BB7B6552ADAE60C005991D7 /* RedditModel.swift */; };
		1B52922A2ADBEFA7000569E9 /* FlickrModel.swift in Sources */ = {isa = PBXBuildFile; fileRef = 1BB7B6572ADAE618005991D7 /* FlickrModel.swift */; };
		1B52922B2ADBEFAA000569E9 /* CoreModel.swift in Sources */ = {isa = PBXBuildFile; fileRef = 1BB7B6592ADAE633005991D7 /* CoreModel.swift */; };
		1B52922C2ADBEFAD000569E9 /* LaunchNewsModel.swift in Sources */ = {isa = PBXBuildFile; fileRef = 1BB7B65F2ADAFB6D005991D7 /* LaunchNewsModel.swift */; };
		1B52922D2ADBF563000569E9 /* String+Ext.swift in Sources */ = {isa = PBXBuildFile; fileRef = 1B7E7D342ADB33740012DA23 /* String+Ext.swift */; };
		1B52922E2ADBF5BA000569E9 /* View+Ext.swift in Sources */ = {isa = PBXBuildFile; fileRef = 1BB7B65D2ADAF909005991D7 /* View+Ext.swift */; };
		1B7E7D332ADB31A80012DA23 /* UpcomingCellView.swift in Sources */ = {isa = PBXBuildFile; fileRef = 1B7E7D322ADB31A80012DA23 /* UpcomingCellView.swift */; };
		1B7E7D352ADB33740012DA23 /* String+Ext.swift in Sources */ = {isa = PBXBuildFile; fileRef = 1B7E7D342ADB33740012DA23 /* String+Ext.swift */; };
		1B7E7D372ADB368C0012DA23 /* MainThreadHelper.swift in Sources */ = {isa = PBXBuildFile; fileRef = 1B7E7D362ADB368C0012DA23 /* MainThreadHelper.swift */; };
		1BB7B64E2ADAE5B5005991D7 /* RocketLaunchModel.swift in Sources */ = {isa = PBXBuildFile; fileRef = 1BB7B64D2ADAE5B5005991D7 /* RocketLaunchModel.swift */; };
		1BB7B6502ADAE5D1005991D7 /* LinksModel.swift in Sources */ = {isa = PBXBuildFile; fileRef = 1BB7B64F2ADAE5D1005991D7 /* LinksModel.swift */; };
		1BB7B6522ADAE5DD005991D7 /* PatchModel.swift in Sources */ = {isa = PBXBuildFile; fileRef = 1BB7B6512ADAE5DD005991D7 /* PatchModel.swift */; };
		1BB7B6542ADAE5F8005991D7 /* FairingsModel.swift in Sources */ = {isa = PBXBuildFile; fileRef = 1BB7B6532ADAE5F8005991D7 /* FairingsModel.swift */; };
		1BB7B6562ADAE60C005991D7 /* RedditModel.swift in Sources */ = {isa = PBXBuildFile; fileRef = 1BB7B6552ADAE60C005991D7 /* RedditModel.swift */; };
		1BB7B6582ADAE618005991D7 /* FlickrModel.swift in Sources */ = {isa = PBXBuildFile; fileRef = 1BB7B6572ADAE618005991D7 /* FlickrModel.swift */; };
		1BB7B65A2ADAE633005991D7 /* CoreModel.swift in Sources */ = {isa = PBXBuildFile; fileRef = 1BB7B6592ADAE633005991D7 /* CoreModel.swift */; };
		1BB7B65C2ADAEA74005991D7 /* MainLaunchView.swift in Sources */ = {isa = PBXBuildFile; fileRef = 1BB7B65B2ADAEA74005991D7 /* MainLaunchView.swift */; };
		1BB7B65E2ADAF909005991D7 /* View+Ext.swift in Sources */ = {isa = PBXBuildFile; fileRef = 1BB7B65D2ADAF909005991D7 /* View+Ext.swift */; };
		1BB7B6602ADAFB6D005991D7 /* LaunchNewsModel.swift in Sources */ = {isa = PBXBuildFile; fileRef = 1BB7B65F2ADAFB6D005991D7 /* LaunchNewsModel.swift */; };
		1BB7B6642ADAFD41005991D7 /* LaunchNewView.swift in Sources */ = {isa = PBXBuildFile; fileRef = 1BB7B6632ADAFD41005991D7 /* LaunchNewView.swift */; };
		1BB7B6662ADAFE8E005991D7 /* MainLaunchViewModel.swift in Sources */ = {isa = PBXBuildFile; fileRef = 1BB7B6652ADAFE8E005991D7 /* MainLaunchViewModel.swift */; };
		1BB7B6692ADB0841005991D7 /* LaunchDetailView.swift in Sources */ = {isa = PBXBuildFile; fileRef = 1BB7B6682ADB0841005991D7 /* LaunchDetailView.swift */; };
		1BB7B66B2ADB094C005991D7 /* LaunchCoverView.swift in Sources */ = {isa = PBXBuildFile; fileRef = 1BB7B66A2ADB094C005991D7 /* LaunchCoverView.swift */; };
/* End PBXBuildFile section */

/* Begin PBXContainerItemProxy section */
		1B0C62B72ADAAEEE000A3C6B /* PBXContainerItemProxy */ = {
			isa = PBXContainerItemProxy;
			containerPortal = 1B0C629E2ADAAEEC000A3C6B /* Project object */;
			proxyType = 1;
			remoteGlobalIDString = 1B0C62A52ADAAEEC000A3C6B;
			remoteInfo = SpaceLaunch;
		};
		1B0C62C12ADAAEEE000A3C6B /* PBXContainerItemProxy */ = {
			isa = PBXContainerItemProxy;
			containerPortal = 1B0C629E2ADAAEEC000A3C6B /* Project object */;
			proxyType = 1;
			remoteGlobalIDString = 1B0C62A52ADAAEEC000A3C6B;
			remoteInfo = SpaceLaunch;
		};
		1B5292142ADBE383000569E9 /* PBXContainerItemProxy */ = {
			isa = PBXContainerItemProxy;
			containerPortal = 1B0C629E2ADAAEEC000A3C6B /* Project object */;
			proxyType = 1;
			remoteGlobalIDString = 1B5292022ADBE382000569E9;
			remoteInfo = SpaceLaunchWidgetExtension;
		};
/* End PBXContainerItemProxy section */

/* Begin PBXCopyFilesBuildPhase section */
		1B52921A2ADBE383000569E9 /* Embed Foundation Extensions */ = {
			isa = PBXCopyFilesBuildPhase;
			buildActionMask = 2147483647;
			dstPath = "";
			dstSubfolderSpec = 13;
			files = (
				1B5292162ADBE383000569E9 /* SpaceLaunchWidgetExtension.appex in Embed Foundation Extensions */,
			);
			name = "Embed Foundation Extensions";
			runOnlyForDeploymentPostprocessing = 0;
		};
/* End PBXCopyFilesBuildPhase section */

/* Begin PBXFileReference section */
		1B0C62A62ADAAEEC000A3C6B /* SpaceLaunch.app */ = {isa = PBXFileReference; explicitFileType = wrapper.application; includeInIndex = 0; path = SpaceLaunch.app; sourceTree = BUILT_PRODUCTS_DIR; };
		1B0C62A92ADAAEEC000A3C6B /* SpaceLaunchApp.swift */ = {isa = PBXFileReference; lastKnownFileType = sourcecode.swift; path = SpaceLaunchApp.swift; sourceTree = "<group>"; };
		1B0C62AB2ADAAEEC000A3C6B /* AppContent.swift */ = {isa = PBXFileReference; lastKnownFileType = sourcecode.swift; path = AppContent.swift; sourceTree = "<group>"; };
		1B0C62AD2ADAAEED000A3C6B /* Assets.xcassets */ = {isa = PBXFileReference; lastKnownFileType = folder.assetcatalog; path = Assets.xcassets; sourceTree = "<group>"; };
		1B0C62B02ADAAEED000A3C6B /* Preview Assets.xcassets */ = {isa = PBXFileReference; lastKnownFileType = folder.assetcatalog; path = "Preview Assets.xcassets"; sourceTree = "<group>"; };
		1B0C62B62ADAAEEE000A3C6B /* SpaceLaunchTests.xctest */ = {isa = PBXFileReference; explicitFileType = wrapper.cfbundle; includeInIndex = 0; path = SpaceLaunchTests.xctest; sourceTree = BUILT_PRODUCTS_DIR; };
		1B0C62BA2ADAAEEE000A3C6B /* SpaceLaunchTests.swift */ = {isa = PBXFileReference; lastKnownFileType = sourcecode.swift; path = SpaceLaunchTests.swift; sourceTree = "<group>"; };
		1B0C62C02ADAAEEE000A3C6B /* SpaceLaunchUITests.xctest */ = {isa = PBXFileReference; explicitFileType = wrapper.cfbundle; includeInIndex = 0; path = SpaceLaunchUITests.xctest; sourceTree = BUILT_PRODUCTS_DIR; };
		1B0C62C42ADAAEEE000A3C6B /* SpaceLaunchUITests.swift */ = {isa = PBXFileReference; lastKnownFileType = sourcecode.swift; path = SpaceLaunchUITests.swift; sourceTree = "<group>"; };
		1B0C62C62ADAAEEE000A3C6B /* SpaceLaunchUITestsLaunchTests.swift */ = {isa = PBXFileReference; lastKnownFileType = sourcecode.swift; path = SpaceLaunchUITestsLaunchTests.swift; sourceTree = "<group>"; };
		1B0C62DD2ADAB19C000A3C6B /* SpaceAPI.swift */ = {isa = PBXFileReference; lastKnownFileType = sourcecode.swift; path = SpaceAPI.swift; sourceTree = "<group>"; };
		1B0C62E72ADAB350000A3C6B /* Endpoint.swift */ = {isa = PBXFileReference; fileEncoding = 4; lastKnownFileType = sourcecode.swift; path = Endpoint.swift; sourceTree = "<group>"; };
		1B0C62E82ADAB350000A3C6B /* EndpointManager.swift */ = {isa = PBXFileReference; fileEncoding = 4; lastKnownFileType = sourcecode.swift; path = EndpointManager.swift; sourceTree = "<group>"; };
		1B0C62E92ADAB350000A3C6B /* EndpointType.swift */ = {isa = PBXFileReference; fileEncoding = 4; lastKnownFileType = sourcecode.swift; path = EndpointType.swift; sourceTree = "<group>"; };
		1B0C62ED2ADAB38D000A3C6B /* RequestType.swift */ = {isa = PBXFileReference; lastKnownFileType = sourcecode.swift; path = RequestType.swift; sourceTree = "<group>"; };
		1B0C62F02ADAB4E1000A3C6B /* SpaceEndpoint.swift */ = {isa = PBXFileReference; lastKnownFileType = sourcecode.swift; path = SpaceEndpoint.swift; sourceTree = "<group>"; };
		1B0C62F22ADAB4F9000A3C6B /* EndpointMakers.swift */ = {isa = PBXFileReference; lastKnownFileType = sourcecode.swift; path = EndpointMakers.swift; sourceTree = "<group>"; };
		1B0C62F42ADAB607000A3C6B /* RequestResult.swift */ = {isa = PBXFileReference; lastKnownFileType = sourcecode.swift; path = RequestResult.swift; sourceTree = "<group>"; };
		1B5292032ADBE382000569E9 /* SpaceLaunchWidgetExtension.appex */ = {isa = PBXFileReference; explicitFileType = "wrapper.app-extension"; includeInIndex = 0; path = SpaceLaunchWidgetExtension.appex; sourceTree = BUILT_PRODUCTS_DIR; };
		1B5292052ADBE382000569E9 /* WidgetKit.framework */ = {isa = PBXFileReference; lastKnownFileType = wrapper.framework; name = WidgetKit.framework; path = System/Library/Frameworks/WidgetKit.framework; sourceTree = SDKROOT; };
		1B5292072ADBE382000569E9 /* SwiftUI.framework */ = {isa = PBXFileReference; lastKnownFileType = wrapper.framework; name = SwiftUI.framework; path = System/Library/Frameworks/SwiftUI.framework; sourceTree = SDKROOT; };
		1B52920A2ADBE382000569E9 /* SpaceLaunchWidgetBundle.swift */ = {isa = PBXFileReference; lastKnownFileType = sourcecode.swift; path = SpaceLaunchWidgetBundle.swift; sourceTree = "<group>"; };
		1B52920C2ADBE382000569E9 /* SpaceLaunchWidget.swift */ = {isa = PBXFileReference; lastKnownFileType = sourcecode.swift; path = SpaceLaunchWidget.swift; sourceTree = "<group>"; };
		1B52920E2ADBE382000569E9 /* SpaceLaunchWidget.intentdefinition */ = {isa = PBXFileReference; lastKnownFileType = file.intentdefinition; path = SpaceLaunchWidget.intentdefinition; sourceTree = "<group>"; };
		1B52920F2ADBE383000569E9 /* Assets.xcassets */ = {isa = PBXFileReference; lastKnownFileType = folder.assetcatalog; path = Assets.xcassets; sourceTree = "<group>"; };
		1B5292112ADBE383000569E9 /* Info.plist */ = {isa = PBXFileReference; lastKnownFileType = text.plist.xml; path = Info.plist; sourceTree = "<group>"; };
		1B7E7D322ADB31A80012DA23 /* UpcomingCellView.swift */ = {isa = PBXFileReference; lastKnownFileType = sourcecode.swift; path = UpcomingCellView.swift; sourceTree = "<group>"; };
		1B7E7D342ADB33740012DA23 /* String+Ext.swift */ = {isa = PBXFileReference; lastKnownFileType = sourcecode.swift; path = "String+Ext.swift"; sourceTree = "<group>"; };
		1B7E7D362ADB368C0012DA23 /* MainThreadHelper.swift */ = {isa = PBXFileReference; lastKnownFileType = sourcecode.swift; path = MainThreadHelper.swift; sourceTree = "<group>"; };
		1BB7B64D2ADAE5B5005991D7 /* RocketLaunchModel.swift */ = {isa = PBXFileReference; lastKnownFileType = sourcecode.swift; path = RocketLaunchModel.swift; sourceTree = "<group>"; };
		1BB7B64F2ADAE5D1005991D7 /* LinksModel.swift */ = {isa = PBXFileReference; lastKnownFileType = sourcecode.swift; path = LinksModel.swift; sourceTree = "<group>"; };
		1BB7B6512ADAE5DD005991D7 /* PatchModel.swift */ = {isa = PBXFileReference; lastKnownFileType = sourcecode.swift; path = PatchModel.swift; sourceTree = "<group>"; };
		1BB7B6532ADAE5F8005991D7 /* FairingsModel.swift */ = {isa = PBXFileReference; lastKnownFileType = sourcecode.swift; path = FairingsModel.swift; sourceTree = "<group>"; };
		1BB7B6552ADAE60C005991D7 /* RedditModel.swift */ = {isa = PBXFileReference; lastKnownFileType = sourcecode.swift; path = RedditModel.swift; sourceTree = "<group>"; };
		1BB7B6572ADAE618005991D7 /* FlickrModel.swift */ = {isa = PBXFileReference; lastKnownFileType = sourcecode.swift; path = FlickrModel.swift; sourceTree = "<group>"; };
		1BB7B6592ADAE633005991D7 /* CoreModel.swift */ = {isa = PBXFileReference; lastKnownFileType = sourcecode.swift; path = CoreModel.swift; sourceTree = "<group>"; };
		1BB7B65B2ADAEA74005991D7 /* MainLaunchView.swift */ = {isa = PBXFileReference; lastKnownFileType = sourcecode.swift; path = MainLaunchView.swift; sourceTree = "<group>"; };
		1BB7B65D2ADAF909005991D7 /* View+Ext.swift */ = {isa = PBXFileReference; lastKnownFileType = sourcecode.swift; path = "View+Ext.swift"; sourceTree = "<group>"; };
		1BB7B65F2ADAFB6D005991D7 /* LaunchNewsModel.swift */ = {isa = PBXFileReference; lastKnownFileType = sourcecode.swift; path = LaunchNewsModel.swift; sourceTree = "<group>"; };
		1BB7B6632ADAFD41005991D7 /* LaunchNewView.swift */ = {isa = PBXFileReference; lastKnownFileType = sourcecode.swift; path = LaunchNewView.swift; sourceTree = "<group>"; };
		1BB7B6652ADAFE8E005991D7 /* MainLaunchViewModel.swift */ = {isa = PBXFileReference; lastKnownFileType = sourcecode.swift; path = MainLaunchViewModel.swift; sourceTree = "<group>"; };
		1BB7B6682ADB0841005991D7 /* LaunchDetailView.swift */ = {isa = PBXFileReference; lastKnownFileType = sourcecode.swift; path = LaunchDetailView.swift; sourceTree = "<group>"; };
		1BB7B66A2ADB094C005991D7 /* LaunchCoverView.swift */ = {isa = PBXFileReference; lastKnownFileType = sourcecode.swift; path = LaunchCoverView.swift; sourceTree = "<group>"; };
/* End PBXFileReference section */

/* Begin PBXFrameworksBuildPhase section */
		1B0C62A32ADAAEEC000A3C6B /* Frameworks */ = {
			isa = PBXFrameworksBuildPhase;
			buildActionMask = 2147483647;
			files = (
			);
			runOnlyForDeploymentPostprocessing = 0;
		};
		1B0C62B32ADAAEEE000A3C6B /* Frameworks */ = {
			isa = PBXFrameworksBuildPhase;
			buildActionMask = 2147483647;
			files = (
			);
			runOnlyForDeploymentPostprocessing = 0;
		};
		1B0C62BD2ADAAEEE000A3C6B /* Frameworks */ = {
			isa = PBXFrameworksBuildPhase;
			buildActionMask = 2147483647;
			files = (
			);
			runOnlyForDeploymentPostprocessing = 0;
		};
		1B5292002ADBE382000569E9 /* Frameworks */ = {
			isa = PBXFrameworksBuildPhase;
			buildActionMask = 2147483647;
			files = (
				1B5292082ADBE382000569E9 /* SwiftUI.framework in Frameworks */,
				1B5292062ADBE382000569E9 /* WidgetKit.framework in Frameworks */,
			);
			runOnlyForDeploymentPostprocessing = 0;
		};
/* End PBXFrameworksBuildPhase section */

/* Begin PBXGroup section */
		1B0C629D2ADAAEEC000A3C6B = {
			isa = PBXGroup;
			children = (
				1B0C62A82ADAAEEC000A3C6B /* SpaceLaunch */,
				1B5292092ADBE382000569E9 /* SpaceLaunchWidget */,
				1B0C62B92ADAAEEE000A3C6B /* SpaceLaunchTests */,
				1B0C62C32ADAAEEE000A3C6B /* SpaceLaunchUITests */,
				1B5292042ADBE382000569E9 /* Frameworks */,
				1B0C62A72ADAAEEC000A3C6B /* Products */,
			);
			sourceTree = "<group>";
		};
		1B0C62A72ADAAEEC000A3C6B /* Products */ = {
			isa = PBXGroup;
			children = (
				1B0C62A62ADAAEEC000A3C6B /* SpaceLaunch.app */,
				1B0C62B62ADAAEEE000A3C6B /* SpaceLaunchTests.xctest */,
				1B0C62C02ADAAEEE000A3C6B /* SpaceLaunchUITests.xctest */,
				1B5292032ADBE382000569E9 /* SpaceLaunchWidgetExtension.appex */,
			);
			name = Products;
			sourceTree = "<group>";
		};
		1B0C62A82ADAAEEC000A3C6B /* SpaceLaunch */ = {
			isa = PBXGroup;
			children = (
				1B0C62D72ADAB0BC000A3C6B /* Managers */,
				1B0C62D32ADAB098000A3C6B /* Network */,
				1B0C62D92ADAB0F2000A3C6B /* Layers */,
				1B0C62DB2ADAB139000A3C6B /* Utilities */,
				1B0C62A92ADAAEEC000A3C6B /* SpaceLaunchApp.swift */,
				1B0C62AD2ADAAEED000A3C6B /* Assets.xcassets */,
				1B0C62AF2ADAAEED000A3C6B /* Preview Content */,
			);
			path = SpaceLaunch;
			sourceTree = "<group>";
		};
		1B0C62AF2ADAAEED000A3C6B /* Preview Content */ = {
			isa = PBXGroup;
			children = (
				1B0C62B02ADAAEED000A3C6B /* Preview Assets.xcassets */,
			);
			path = "Preview Content";
			sourceTree = "<group>";
		};
		1B0C62B92ADAAEEE000A3C6B /* SpaceLaunchTests */ = {
			isa = PBXGroup;
			children = (
				1B0C62BA2ADAAEEE000A3C6B /* SpaceLaunchTests.swift */,
			);
			path = SpaceLaunchTests;
			sourceTree = "<group>";
		};
		1B0C62C32ADAAEEE000A3C6B /* SpaceLaunchUITests */ = {
			isa = PBXGroup;
			children = (
				1B0C62C42ADAAEEE000A3C6B /* SpaceLaunchUITests.swift */,
				1B0C62C62ADAAEEE000A3C6B /* SpaceLaunchUITestsLaunchTests.swift */,
			);
			path = SpaceLaunchUITests;
			sourceTree = "<group>";
		};
		1B0C62D32ADAB098000A3C6B /* Network */ = {
			isa = PBXGroup;
			children = (
				1B0C62E62ADAB33B000A3C6B /* Endpoints */,
				1B0C62DD2ADAB19C000A3C6B /* SpaceAPI.swift */,
			);
			path = Network;
			sourceTree = "<group>";
		};
		1B0C62D42ADAB0A2000A3C6B /* Model */ = {
			isa = PBXGroup;
			children = (
				1BB7B64D2ADAE5B5005991D7 /* RocketLaunchModel.swift */,
				1BB7B64F2ADAE5D1005991D7 /* LinksModel.swift */,
				1BB7B6512ADAE5DD005991D7 /* PatchModel.swift */,
				1BB7B6532ADAE5F8005991D7 /* FairingsModel.swift */,
				1BB7B6552ADAE60C005991D7 /* RedditModel.swift */,
				1BB7B6572ADAE618005991D7 /* FlickrModel.swift */,
				1BB7B6592ADAE633005991D7 /* CoreModel.swift */,
				1BB7B65F2ADAFB6D005991D7 /* LaunchNewsModel.swift */,
			);
			path = Model;
			sourceTree = "<group>";
		};
		1B0C62D52ADAB0AA000A3C6B /* Views */ = {
			isa = PBXGroup;
			children = (
				1BB7B6612ADAFD06005991D7 /* MainLaunch */,
				1B0C62AB2ADAAEEC000A3C6B /* AppContent.swift */,
			);
			path = Views;
			sourceTree = "<group>";
		};
		1B0C62D62ADAB0B2000A3C6B /* Extensions */ = {
			isa = PBXGroup;
			children = (
				1BB7B65D2ADAF909005991D7 /* View+Ext.swift */,
				1B7E7D342ADB33740012DA23 /* String+Ext.swift */,
			);
			path = Extensions;
			sourceTree = "<group>";
		};
		1B0C62D72ADAB0BC000A3C6B /* Managers */ = {
			isa = PBXGroup;
			children = (
			);
			path = Managers;
			sourceTree = "<group>";
		};
		1B0C62D82ADAB0EA000A3C6B /* Animation */ = {
			isa = PBXGroup;
			children = (
			);
			path = Animation;
			sourceTree = "<group>";
		};
		1B0C62D92ADAB0F2000A3C6B /* Layers */ = {
			isa = PBXGroup;
			children = (
				1B0C62DA2ADAB102000A3C6B /* Presentation */,
				1B0C62D42ADAB0A2000A3C6B /* Model */,
			);
			path = Layers;
			sourceTree = "<group>";
		};
		1B0C62DA2ADAB102000A3C6B /* Presentation */ = {
			isa = PBXGroup;
			children = (
				1B0C62D52ADAB0AA000A3C6B /* Views */,
			);
			path = Presentation;
			sourceTree = "<group>";
		};
		1B0C62DB2ADAB139000A3C6B /* Utilities */ = {
			isa = PBXGroup;
			children = (
				1B0C62D82ADAB0EA000A3C6B /* Animation */,
				1B0C62DC2ADAB147000A3C6B /* Base */,
				1B0C62D62ADAB0B2000A3C6B /* Extensions */,
				1B7E7D362ADB368C0012DA23 /* MainThreadHelper.swift */,
			);
			path = Utilities;
			sourceTree = "<group>";
		};
		1B0C62DC2ADAB147000A3C6B /* Base */ = {
			isa = PBXGroup;
			children = (
			);
			path = Base;
			sourceTree = "<group>";
		};
		1B0C62E62ADAB33B000A3C6B /* Endpoints */ = {
			isa = PBXGroup;
			children = (
				1B0C62EF2ADAB4C3000A3C6B /* EndpointHelpers */,
				1B0C62F02ADAB4E1000A3C6B /* SpaceEndpoint.swift */,
			);
			path = Endpoints;
			sourceTree = "<group>";
		};
		1B0C62EF2ADAB4C3000A3C6B /* EndpointHelpers */ = {
			isa = PBXGroup;
			children = (
				1B0C62E82ADAB350000A3C6B /* EndpointManager.swift */,
				1B0C62ED2ADAB38D000A3C6B /* RequestType.swift */,
				1B0C62E72ADAB350000A3C6B /* Endpoint.swift */,
				1B0C62E92ADAB350000A3C6B /* EndpointType.swift */,
				1B0C62F22ADAB4F9000A3C6B /* EndpointMakers.swift */,
				1B0C62F42ADAB607000A3C6B /* RequestResult.swift */,
			);
			path = EndpointHelpers;
			sourceTree = "<group>";
		};
		1B5292042ADBE382000569E9 /* Frameworks */ = {
			isa = PBXGroup;
			children = (
				1B5292052ADBE382000569E9 /* WidgetKit.framework */,
				1B5292072ADBE382000569E9 /* SwiftUI.framework */,
			);
			name = Frameworks;
			sourceTree = "<group>";
		};
		1B5292092ADBE382000569E9 /* SpaceLaunchWidget */ = {
			isa = PBXGroup;
			children = (
				1B52920A2ADBE382000569E9 /* SpaceLaunchWidgetBundle.swift */,
				1B52920C2ADBE382000569E9 /* SpaceLaunchWidget.swift */,
				1B52920E2ADBE382000569E9 /* SpaceLaunchWidget.intentdefinition */,
				1B52920F2ADBE383000569E9 /* Assets.xcassets */,
				1B5292112ADBE383000569E9 /* Info.plist */,
			);
			path = SpaceLaunchWidget;
			sourceTree = "<group>";
		};
		1BB7B6612ADAFD06005991D7 /* MainLaunch */ = {
			isa = PBXGroup;
			children = (
				1BB7B6672ADB082C005991D7 /* LaunchDetail */,
				1BB7B6622ADAFD34005991D7 /* SubViews */,
				1BB7B65B2ADAEA74005991D7 /* MainLaunchView.swift */,
				1BB7B6652ADAFE8E005991D7 /* MainLaunchViewModel.swift */,
			);
			path = MainLaunch;
			sourceTree = "<group>";
		};
		1BB7B6622ADAFD34005991D7 /* SubViews */ = {
			isa = PBXGroup;
			children = (
				1BB7B6632ADAFD41005991D7 /* LaunchNewView.swift */,
				1BB7B66A2ADB094C005991D7 /* LaunchCoverView.swift */,
				1B7E7D322ADB31A80012DA23 /* UpcomingCellView.swift */,
			);
			path = SubViews;
			sourceTree = "<group>";
		};
		1BB7B6672ADB082C005991D7 /* LaunchDetail */ = {
			isa = PBXGroup;
			children = (
				1BB7B6682ADB0841005991D7 /* LaunchDetailView.swift */,
			);
			path = LaunchDetail;
			sourceTree = "<group>";
		};
/* End PBXGroup section */

/* Begin PBXNativeTarget section */
		1B0C62A52ADAAEEC000A3C6B /* SpaceLaunch */ = {
			isa = PBXNativeTarget;
			buildConfigurationList = 1B0C62CA2ADAAEEE000A3C6B /* Build configuration list for PBXNativeTarget "SpaceLaunch" */;
			buildPhases = (
				1B0C62A22ADAAEEC000A3C6B /* Sources */,
				1B0C62A32ADAAEEC000A3C6B /* Frameworks */,
				1B0C62A42ADAAEEC000A3C6B /* Resources */,
				1B52921A2ADBE383000569E9 /* Embed Foundation Extensions */,
			);
			buildRules = (
			);
			dependencies = (
				1B5292152ADBE383000569E9 /* PBXTargetDependency */,
			);
			name = SpaceLaunch;
			productName = SpaceLaunch;
			productReference = 1B0C62A62ADAAEEC000A3C6B /* SpaceLaunch.app */;
			productType = "com.apple.product-type.application";
		};
		1B0C62B52ADAAEEE000A3C6B /* SpaceLaunchTests */ = {
			isa = PBXNativeTarget;
			buildConfigurationList = 1B0C62CD2ADAAEEE000A3C6B /* Build configuration list for PBXNativeTarget "SpaceLaunchTests" */;
			buildPhases = (
				1B0C62B22ADAAEEE000A3C6B /* Sources */,
				1B0C62B32ADAAEEE000A3C6B /* Frameworks */,
				1B0C62B42ADAAEEE000A3C6B /* Resources */,
			);
			buildRules = (
			);
			dependencies = (
				1B0C62B82ADAAEEE000A3C6B /* PBXTargetDependency */,
			);
			name = SpaceLaunchTests;
			productName = SpaceLaunchTests;
			productReference = 1B0C62B62ADAAEEE000A3C6B /* SpaceLaunchTests.xctest */;
			productType = "com.apple.product-type.bundle.unit-test";
		};
		1B0C62BF2ADAAEEE000A3C6B /* SpaceLaunchUITests */ = {
			isa = PBXNativeTarget;
			buildConfigurationList = 1B0C62D02ADAAEEE000A3C6B /* Build configuration list for PBXNativeTarget "SpaceLaunchUITests" */;
			buildPhases = (
				1B0C62BC2ADAAEEE000A3C6B /* Sources */,
				1B0C62BD2ADAAEEE000A3C6B /* Frameworks */,
				1B0C62BE2ADAAEEE000A3C6B /* Resources */,
			);
			buildRules = (
			);
			dependencies = (
				1B0C62C22ADAAEEE000A3C6B /* PBXTargetDependency */,
			);
			name = SpaceLaunchUITests;
			productName = SpaceLaunchUITests;
			productReference = 1B0C62C02ADAAEEE000A3C6B /* SpaceLaunchUITests.xctest */;
			productType = "com.apple.product-type.bundle.ui-testing";
		};
		1B5292022ADBE382000569E9 /* SpaceLaunchWidgetExtension */ = {
			isa = PBXNativeTarget;
			buildConfigurationList = 1B5292172ADBE383000569E9 /* Build configuration list for PBXNativeTarget "SpaceLaunchWidgetExtension" */;
			buildPhases = (
				1B5291FF2ADBE382000569E9 /* Sources */,
				1B5292002ADBE382000569E9 /* Frameworks */,
				1B5292012ADBE382000569E9 /* Resources */,
			);
			buildRules = (
			);
			dependencies = (
			);
			name = SpaceLaunchWidgetExtension;
			productName = SpaceLaunchWidgetExtension;
			productReference = 1B5292032ADBE382000569E9 /* SpaceLaunchWidgetExtension.appex */;
			productType = "com.apple.product-type.app-extension";
		};
/* End PBXNativeTarget section */

/* Begin PBXProject section */
		1B0C629E2ADAAEEC000A3C6B /* Project object */ = {
			isa = PBXProject;
			attributes = {
				BuildIndependentTargetsInParallel = 1;
				LastSwiftUpdateCheck = 1430;
				LastUpgradeCheck = 1430;
				TargetAttributes = {
					1B0C62A52ADAAEEC000A3C6B = {
						CreatedOnToolsVersion = 14.3.1;
					};
					1B0C62B52ADAAEEE000A3C6B = {
						CreatedOnToolsVersion = 14.3.1;
						TestTargetID = 1B0C62A52ADAAEEC000A3C6B;
					};
					1B0C62BF2ADAAEEE000A3C6B = {
						CreatedOnToolsVersion = 14.3.1;
						TestTargetID = 1B0C62A52ADAAEEC000A3C6B;
					};
					1B5292022ADBE382000569E9 = {
						CreatedOnToolsVersion = 14.3.1;
					};
				};
			};
			buildConfigurationList = 1B0C62A12ADAAEEC000A3C6B /* Build configuration list for PBXProject "SpaceLaunch" */;
			compatibilityVersion = "Xcode 14.0";
			developmentRegion = en;
			hasScannedForEncodings = 0;
			knownRegions = (
				en,
				Base,
			);
			mainGroup = 1B0C629D2ADAAEEC000A3C6B;
			productRefGroup = 1B0C62A72ADAAEEC000A3C6B /* Products */;
			projectDirPath = "";
			projectRoot = "";
			targets = (
				1B0C62A52ADAAEEC000A3C6B /* SpaceLaunch */,
				1B0C62B52ADAAEEE000A3C6B /* SpaceLaunchTests */,
				1B0C62BF2ADAAEEE000A3C6B /* SpaceLaunchUITests */,
				1B5292022ADBE382000569E9 /* SpaceLaunchWidgetExtension */,
			);
		};
/* End PBXProject section */

/* Begin PBXResourcesBuildPhase section */
		1B0C62A42ADAAEEC000A3C6B /* Resources */ = {
			isa = PBXResourcesBuildPhase;
			buildActionMask = 2147483647;
			files = (
				1B0C62B12ADAAEED000A3C6B /* Preview Assets.xcassets in Resources */,
				1B0C62AE2ADAAEED000A3C6B /* Assets.xcassets in Resources */,
			);
			runOnlyForDeploymentPostprocessing = 0;
		};
		1B0C62B42ADAAEEE000A3C6B /* Resources */ = {
			isa = PBXResourcesBuildPhase;
			buildActionMask = 2147483647;
			files = (
			);
			runOnlyForDeploymentPostprocessing = 0;
		};
		1B0C62BE2ADAAEEE000A3C6B /* Resources */ = {
			isa = PBXResourcesBuildPhase;
			buildActionMask = 2147483647;
			files = (
			);
			runOnlyForDeploymentPostprocessing = 0;
		};
		1B5292012ADBE382000569E9 /* Resources */ = {
			isa = PBXResourcesBuildPhase;
			buildActionMask = 2147483647;
			files = (
				1B5292102ADBE383000569E9 /* Assets.xcassets in Resources */,
			);
			runOnlyForDeploymentPostprocessing = 0;
		};
/* End PBXResourcesBuildPhase section */

/* Begin PBXSourcesBuildPhase section */
		1B0C62A22ADAAEEC000A3C6B /* Sources */ = {
			isa = PBXSourcesBuildPhase;
			buildActionMask = 2147483647;
			files = (
				1B0C62F52ADAB607000A3C6B /* RequestResult.swift in Sources */,
				1B0C62F32ADAB4F9000A3C6B /* EndpointMakers.swift in Sources */,
				1BB7B65C2ADAEA74005991D7 /* MainLaunchView.swift in Sources */,
				1BB7B65A2ADAE633005991D7 /* CoreModel.swift in Sources */,
				1B0C62DE2ADAB19C000A3C6B /* SpaceAPI.swift in Sources */,
				1B0C62AC2ADAAEEC000A3C6B /* AppContent.swift in Sources */,
				1BB7B64E2ADAE5B5005991D7 /* RocketLaunchModel.swift in Sources */,
				1B0C62EE2ADAB38D000A3C6B /* RequestType.swift in Sources */,
				1BB7B6662ADAFE8E005991D7 /* MainLaunchViewModel.swift in Sources */,
				1B0C62F12ADAB4E1000A3C6B /* SpaceEndpoint.swift in Sources */,
				1BB7B6502ADAE5D1005991D7 /* LinksModel.swift in Sources */,
				1BB7B6582ADAE618005991D7 /* FlickrModel.swift in Sources */,
				1BB7B6692ADB0841005991D7 /* LaunchDetailView.swift in Sources */,
				1BB7B66B2ADB094C005991D7 /* LaunchCoverView.swift in Sources */,
				1BB7B6642ADAFD41005991D7 /* LaunchNewView.swift in Sources */,
				1B7E7D332ADB31A80012DA23 /* UpcomingCellView.swift in Sources */,
				1B7E7D352ADB33740012DA23 /* String+Ext.swift in Sources */,
				1BB7B65E2ADAF909005991D7 /* View+Ext.swift in Sources */,
				1BB7B6542ADAE5F8005991D7 /* FairingsModel.swift in Sources */,
				1B0C62EC2ADAB350000A3C6B /* EndpointType.swift in Sources */,
				1BB7B6562ADAE60C005991D7 /* RedditModel.swift in Sources */,
				1B0C62EA2ADAB350000A3C6B /* Endpoint.swift in Sources */,
				1B0C62AA2ADAAEEC000A3C6B /* SpaceLaunchApp.swift in Sources */,
				1B7E7D372ADB368C0012DA23 /* MainThreadHelper.swift in Sources */,
				1BB7B6602ADAFB6D005991D7 /* LaunchNewsModel.swift in Sources */,
				1B5292132ADBE383000569E9 /* SpaceLaunchWidget.intentdefinition in Sources */,
				1BB7B6522ADAE5DD005991D7 /* PatchModel.swift in Sources */,
				1B0C62EB2ADAB350000A3C6B /* EndpointManager.swift in Sources */,
			);
			runOnlyForDeploymentPostprocessing = 0;
		};
		1B0C62B22ADAAEEE000A3C6B /* Sources */ = {
			isa = PBXSourcesBuildPhase;
			buildActionMask = 2147483647;
			files = (
				1B0C62BB2ADAAEEE000A3C6B /* SpaceLaunchTests.swift in Sources */,
			);
			runOnlyForDeploymentPostprocessing = 0;
		};
		1B0C62BC2ADAAEEE000A3C6B /* Sources */ = {
			isa = PBXSourcesBuildPhase;
			buildActionMask = 2147483647;
			files = (
				1B0C62C72ADAAEEE000A3C6B /* SpaceLaunchUITestsLaunchTests.swift in Sources */,
				1B0C62C52ADAAEEE000A3C6B /* SpaceLaunchUITests.swift in Sources */,
			);
			runOnlyForDeploymentPostprocessing = 0;
		};
		1B5291FF2ADBE382000569E9 /* Sources */ = {
			isa = PBXSourcesBuildPhase;
			buildActionMask = 2147483647;
			files = (
				1B5292262ADBEF9F000569E9 /* LinksModel.swift in Sources */,
				1B5292212ADBEC7F000569E9 /* EndpointType.swift in Sources */,
				1B52922B2ADBEFAA000569E9 /* CoreModel.swift in Sources */,
				1B5292222ADBEC82000569E9 /* Endpoint.swift in Sources */,
				1B52921F2ADBEC7A000569E9 /* RequestResult.swift in Sources */,
				1B5292202ADBEC7D000569E9 /* EndpointMakers.swift in Sources */,
				1B5292122ADBE383000569E9 /* SpaceLaunchWidget.intentdefinition in Sources */,
				1B52922C2ADBEFAD000569E9 /* LaunchNewsModel.swift in Sources */,
				1B52920B2ADBE382000569E9 /* SpaceLaunchWidgetBundle.swift in Sources */,
				1B5292252ADBEF9B000569E9 /* RocketLaunchModel.swift in Sources */,
				1B52922A2ADBEFA7000569E9 /* FlickrModel.swift in Sources */,
				1B52920D2ADBE382000569E9 /* SpaceLaunchWidget.swift in Sources */,
				1B5292292ADBEFA5000569E9 /* RedditModel.swift in Sources */,
				1B52921D2ADBEC75000569E9 /* SpaceAPI.swift in Sources */,
				1B52922E2ADBF5BA000569E9 /* View+Ext.swift in Sources */,
				1B5292242ADBEC88000569E9 /* EndpointManager.swift in Sources */,
				1B52921E2ADBEC78000569E9 /* SpaceEndpoint.swift in Sources */,
				1B5292282ADBEFA3000569E9 /* FairingsModel.swift in Sources */,
				1B5292272ADBEFA1000569E9 /* PatchModel.swift in Sources */,
				1B52922D2ADBF563000569E9 /* String+Ext.swift in Sources */,
				1B5292232ADBEC85000569E9 /* RequestType.swift in Sources */,
			);
			runOnlyForDeploymentPostprocessing = 0;
		};
/* End PBXSourcesBuildPhase section */

/* Begin PBXTargetDependency section */
		1B0C62B82ADAAEEE000A3C6B /* PBXTargetDependency */ = {
			isa = PBXTargetDependency;
			target = 1B0C62A52ADAAEEC000A3C6B /* SpaceLaunch */;
			targetProxy = 1B0C62B72ADAAEEE000A3C6B /* PBXContainerItemProxy */;
		};
		1B0C62C22ADAAEEE000A3C6B /* PBXTargetDependency */ = {
			isa = PBXTargetDependency;
			target = 1B0C62A52ADAAEEC000A3C6B /* SpaceLaunch */;
			targetProxy = 1B0C62C12ADAAEEE000A3C6B /* PBXContainerItemProxy */;
		};
		1B5292152ADBE383000569E9 /* PBXTargetDependency */ = {
			isa = PBXTargetDependency;
			target = 1B5292022ADBE382000569E9 /* SpaceLaunchWidgetExtension */;
			targetProxy = 1B5292142ADBE383000569E9 /* PBXContainerItemProxy */;
		};
/* End PBXTargetDependency section */

/* Begin XCBuildConfiguration section */
		1B0C62C82ADAAEEE000A3C6B /* Debug */ = {
			isa = XCBuildConfiguration;
			buildSettings = {
				ALWAYS_SEARCH_USER_PATHS = NO;
				CLANG_ANALYZER_NONNULL = YES;
				CLANG_ANALYZER_NUMBER_OBJECT_CONVERSION = YES_AGGRESSIVE;
				CLANG_CXX_LANGUAGE_STANDARD = "gnu++20";
				CLANG_ENABLE_MODULES = YES;
				CLANG_ENABLE_OBJC_ARC = YES;
				CLANG_ENABLE_OBJC_WEAK = YES;
				CLANG_WARN_BLOCK_CAPTURE_AUTORELEASING = YES;
				CLANG_WARN_BOOL_CONVERSION = YES;
				CLANG_WARN_COMMA = YES;
				CLANG_WARN_CONSTANT_CONVERSION = YES;
				CLANG_WARN_DEPRECATED_OBJC_IMPLEMENTATIONS = YES;
				CLANG_WARN_DIRECT_OBJC_ISA_USAGE = YES_ERROR;
				CLANG_WARN_DOCUMENTATION_COMMENTS = YES;
				CLANG_WARN_EMPTY_BODY = YES;
				CLANG_WARN_ENUM_CONVERSION = YES;
				CLANG_WARN_INFINITE_RECURSION = YES;
				CLANG_WARN_INT_CONVERSION = YES;
				CLANG_WARN_NON_LITERAL_NULL_CONVERSION = YES;
				CLANG_WARN_OBJC_IMPLICIT_RETAIN_SELF = YES;
				CLANG_WARN_OBJC_LITERAL_CONVERSION = YES;
				CLANG_WARN_OBJC_ROOT_CLASS = YES_ERROR;
				CLANG_WARN_QUOTED_INCLUDE_IN_FRAMEWORK_HEADER = YES;
				CLANG_WARN_RANGE_LOOP_ANALYSIS = YES;
				CLANG_WARN_STRICT_PROTOTYPES = YES;
				CLANG_WARN_SUSPICIOUS_MOVE = YES;
				CLANG_WARN_UNGUARDED_AVAILABILITY = YES_AGGRESSIVE;
				CLANG_WARN_UNREACHABLE_CODE = YES;
				CLANG_WARN__DUPLICATE_METHOD_MATCH = YES;
				COPY_PHASE_STRIP = NO;
				DEBUG_INFORMATION_FORMAT = dwarf;
				ENABLE_STRICT_OBJC_MSGSEND = YES;
				ENABLE_TESTABILITY = YES;
				GCC_C_LANGUAGE_STANDARD = gnu11;
				GCC_DYNAMIC_NO_PIC = NO;
				GCC_NO_COMMON_BLOCKS = YES;
				GCC_OPTIMIZATION_LEVEL = 0;
				GCC_PREPROCESSOR_DEFINITIONS = (
					"DEBUG=1",
					"$(inherited)",
				);
				GCC_WARN_64_TO_32_BIT_CONVERSION = YES;
				GCC_WARN_ABOUT_RETURN_TYPE = YES_ERROR;
				GCC_WARN_UNDECLARED_SELECTOR = YES;
				GCC_WARN_UNINITIALIZED_AUTOS = YES_AGGRESSIVE;
				GCC_WARN_UNUSED_FUNCTION = YES;
				GCC_WARN_UNUSED_VARIABLE = YES;
				IPHONEOS_DEPLOYMENT_TARGET = 16.4;
				MTL_ENABLE_DEBUG_INFO = INCLUDE_SOURCE;
				MTL_FAST_MATH = YES;
				ONLY_ACTIVE_ARCH = YES;
				SDKROOT = iphoneos;
				SWIFT_ACTIVE_COMPILATION_CONDITIONS = DEBUG;
				SWIFT_OPTIMIZATION_LEVEL = "-Onone";
			};
			name = Debug;
		};
		1B0C62C92ADAAEEE000A3C6B /* Release */ = {
			isa = XCBuildConfiguration;
			buildSettings = {
				ALWAYS_SEARCH_USER_PATHS = NO;
				CLANG_ANALYZER_NONNULL = YES;
				CLANG_ANALYZER_NUMBER_OBJECT_CONVERSION = YES_AGGRESSIVE;
				CLANG_CXX_LANGUAGE_STANDARD = "gnu++20";
				CLANG_ENABLE_MODULES = YES;
				CLANG_ENABLE_OBJC_ARC = YES;
				CLANG_ENABLE_OBJC_WEAK = YES;
				CLANG_WARN_BLOCK_CAPTURE_AUTORELEASING = YES;
				CLANG_WARN_BOOL_CONVERSION = YES;
				CLANG_WARN_COMMA = YES;
				CLANG_WARN_CONSTANT_CONVERSION = YES;
				CLANG_WARN_DEPRECATED_OBJC_IMPLEMENTATIONS = YES;
				CLANG_WARN_DIRECT_OBJC_ISA_USAGE = YES_ERROR;
				CLANG_WARN_DOCUMENTATION_COMMENTS = YES;
				CLANG_WARN_EMPTY_BODY = YES;
				CLANG_WARN_ENUM_CONVERSION = YES;
				CLANG_WARN_INFINITE_RECURSION = YES;
				CLANG_WARN_INT_CONVERSION = YES;
				CLANG_WARN_NON_LITERAL_NULL_CONVERSION = YES;
				CLANG_WARN_OBJC_IMPLICIT_RETAIN_SELF = YES;
				CLANG_WARN_OBJC_LITERAL_CONVERSION = YES;
				CLANG_WARN_OBJC_ROOT_CLASS = YES_ERROR;
				CLANG_WARN_QUOTED_INCLUDE_IN_FRAMEWORK_HEADER = YES;
				CLANG_WARN_RANGE_LOOP_ANALYSIS = YES;
				CLANG_WARN_STRICT_PROTOTYPES = YES;
				CLANG_WARN_SUSPICIOUS_MOVE = YES;
				CLANG_WARN_UNGUARDED_AVAILABILITY = YES_AGGRESSIVE;
				CLANG_WARN_UNREACHABLE_CODE = YES;
				CLANG_WARN__DUPLICATE_METHOD_MATCH = YES;
				COPY_PHASE_STRIP = NO;
				DEBUG_INFORMATION_FORMAT = "dwarf-with-dsym";
				ENABLE_NS_ASSERTIONS = NO;
				ENABLE_STRICT_OBJC_MSGSEND = YES;
				GCC_C_LANGUAGE_STANDARD = gnu11;
				GCC_NO_COMMON_BLOCKS = YES;
				GCC_WARN_64_TO_32_BIT_CONVERSION = YES;
				GCC_WARN_ABOUT_RETURN_TYPE = YES_ERROR;
				GCC_WARN_UNDECLARED_SELECTOR = YES;
				GCC_WARN_UNINITIALIZED_AUTOS = YES_AGGRESSIVE;
				GCC_WARN_UNUSED_FUNCTION = YES;
				GCC_WARN_UNUSED_VARIABLE = YES;
				IPHONEOS_DEPLOYMENT_TARGET = 16.4;
				MTL_ENABLE_DEBUG_INFO = NO;
				MTL_FAST_MATH = YES;
				SDKROOT = iphoneos;
				SWIFT_COMPILATION_MODE = wholemodule;
				SWIFT_OPTIMIZATION_LEVEL = "-O";
				VALIDATE_PRODUCT = YES;
			};
			name = Release;
		};
		1B0C62CB2ADAAEEE000A3C6B /* Debug */ = {
			isa = XCBuildConfiguration;
			buildSettings = {
				ALWAYS_EMBED_SWIFT_STANDARD_LIBRARIES = YES;
				ASSETCATALOG_COMPILER_APPICON_NAME = AppIcon;
				ASSETCATALOG_COMPILER_GLOBAL_ACCENT_COLOR_NAME = AccentColor;
				CODE_SIGN_STYLE = Automatic;
				CURRENT_PROJECT_VERSION = 1;
				DEVELOPMENT_ASSET_PATHS = "\"SpaceLaunch/Preview Content\"";
				DEVELOPMENT_TEAM = 8354Y6X4AR;
				ENABLE_PREVIEWS = YES;
				GENERATE_INFOPLIST_FILE = YES;
				INFOPLIST_KEY_UIApplicationSceneManifest_Generation = YES;
				INFOPLIST_KEY_UIApplicationSupportsIndirectInputEvents = YES;
				INFOPLIST_KEY_UILaunchScreen_Generation = YES;
				INFOPLIST_KEY_UISupportedInterfaceOrientations_iPad = "UIInterfaceOrientationPortrait UIInterfaceOrientationPortraitUpsideDown UIInterfaceOrientationLandscapeLeft UIInterfaceOrientationLandscapeRight";
				INFOPLIST_KEY_UISupportedInterfaceOrientations_iPhone = "UIInterfaceOrientationPortrait UIInterfaceOrientationLandscapeLeft UIInterfaceOrientationLandscapeRight";
				LD_RUNPATH_SEARCH_PATHS = (
					"$(inherited)",
					"@executable_path/Frameworks",
				);
				MARKETING_VERSION = 1.0;
				PRODUCT_BUNDLE_IDENTIFIER = com.bseyha.SpaceLaunch;
				PRODUCT_NAME = "$(TARGET_NAME)";
				SUPPORTED_PLATFORMS = "iphoneos iphonesimulator";
				SUPPORTS_MACCATALYST = NO;
				SUPPORTS_MAC_DESIGNED_FOR_IPHONE_IPAD = NO;
				SWIFT_EMIT_LOC_STRINGS = YES;
				SWIFT_VERSION = 5.0;
				TARGETED_DEVICE_FAMILY = "1,2";
			};
			name = Debug;
		};
		1B0C62CC2ADAAEEE000A3C6B /* Release */ = {
			isa = XCBuildConfiguration;
			buildSettings = {
				ALWAYS_EMBED_SWIFT_STANDARD_LIBRARIES = YES;
				ASSETCATALOG_COMPILER_APPICON_NAME = AppIcon;
				ASSETCATALOG_COMPILER_GLOBAL_ACCENT_COLOR_NAME = AccentColor;
				CODE_SIGN_STYLE = Automatic;
				CURRENT_PROJECT_VERSION = 1;
				DEVELOPMENT_ASSET_PATHS = "\"SpaceLaunch/Preview Content\"";
				DEVELOPMENT_TEAM = 8354Y6X4AR;
				ENABLE_PREVIEWS = YES;
				GENERATE_INFOPLIST_FILE = YES;
				INFOPLIST_KEY_UIApplicationSceneManifest_Generation = YES;
				INFOPLIST_KEY_UIApplicationSupportsIndirectInputEvents = YES;
				INFOPLIST_KEY_UILaunchScreen_Generation = YES;
				INFOPLIST_KEY_UISupportedInterfaceOrientations_iPad = "UIInterfaceOrientationPortrait UIInterfaceOrientationPortraitUpsideDown UIInterfaceOrientationLandscapeLeft UIInterfaceOrientationLandscapeRight";
				INFOPLIST_KEY_UISupportedInterfaceOrientations_iPhone = "UIInterfaceOrientationPortrait UIInterfaceOrientationLandscapeLeft UIInterfaceOrientationLandscapeRight";
				LD_RUNPATH_SEARCH_PATHS = (
					"$(inherited)",
					"@executable_path/Frameworks",
				);
				MARKETING_VERSION = 1.0;
				PRODUCT_BUNDLE_IDENTIFIER = com.bseyha.SpaceLaunch;
				PRODUCT_NAME = "$(TARGET_NAME)";
				SUPPORTED_PLATFORMS = "iphoneos iphonesimulator";
				SUPPORTS_MACCATALYST = NO;
				SUPPORTS_MAC_DESIGNED_FOR_IPHONE_IPAD = NO;
				SWIFT_EMIT_LOC_STRINGS = YES;
				SWIFT_VERSION = 5.0;
				TARGETED_DEVICE_FAMILY = "1,2";
			};
			name = Release;
		};
		1B0C62CE2ADAAEEE000A3C6B /* Debug */ = {
			isa = XCBuildConfiguration;
			buildSettings = {
				ALWAYS_EMBED_SWIFT_STANDARD_LIBRARIES = YES;
				BUNDLE_LOADER = "$(TEST_HOST)";
				CODE_SIGN_STYLE = Automatic;
				CURRENT_PROJECT_VERSION = 1;
				DEVELOPMENT_TEAM = 8354Y6X4AR;
				GENERATE_INFOPLIST_FILE = YES;
				IPHONEOS_DEPLOYMENT_TARGET = 16.4;
				MARKETING_VERSION = 1.0;
				PRODUCT_BUNDLE_IDENTIFIER = com.bseyha.SpaceLaunchTests;
				PRODUCT_NAME = "$(TARGET_NAME)";
				SWIFT_EMIT_LOC_STRINGS = NO;
				SWIFT_VERSION = 5.0;
				TARGETED_DEVICE_FAMILY = "1,2";
				TEST_HOST = "$(BUILT_PRODUCTS_DIR)/SpaceLaunch.app/$(BUNDLE_EXECUTABLE_FOLDER_PATH)/SpaceLaunch";
			};
			name = Debug;
		};
		1B0C62CF2ADAAEEE000A3C6B /* Release */ = {
			isa = XCBuildConfiguration;
			buildSettings = {
				ALWAYS_EMBED_SWIFT_STANDARD_LIBRARIES = YES;
				BUNDLE_LOADER = "$(TEST_HOST)";
				CODE_SIGN_STYLE = Automatic;
				CURRENT_PROJECT_VERSION = 1;
				DEVELOPMENT_TEAM = 8354Y6X4AR;
				GENERATE_INFOPLIST_FILE = YES;
				IPHONEOS_DEPLOYMENT_TARGET = 16.4;
				MARKETING_VERSION = 1.0;
				PRODUCT_BUNDLE_IDENTIFIER = com.bseyha.SpaceLaunchTests;
				PRODUCT_NAME = "$(TARGET_NAME)";
				SWIFT_EMIT_LOC_STRINGS = NO;
				SWIFT_VERSION = 5.0;
				TARGETED_DEVICE_FAMILY = "1,2";
				TEST_HOST = "$(BUILT_PRODUCTS_DIR)/SpaceLaunch.app/$(BUNDLE_EXECUTABLE_FOLDER_PATH)/SpaceLaunch";
			};
			name = Release;
		};
		1B0C62D12ADAAEEE000A3C6B /* Debug */ = {
			isa = XCBuildConfiguration;
			buildSettings = {
				ALWAYS_EMBED_SWIFT_STANDARD_LIBRARIES = YES;
				CODE_SIGN_STYLE = Automatic;
				CURRENT_PROJECT_VERSION = 1;
				DEVELOPMENT_TEAM = 8354Y6X4AR;
				GENERATE_INFOPLIST_FILE = YES;
				MARKETING_VERSION = 1.0;
				PRODUCT_BUNDLE_IDENTIFIER = com.bseyha.SpaceLaunchUITests;
				PRODUCT_NAME = "$(TARGET_NAME)";
				SWIFT_EMIT_LOC_STRINGS = NO;
				SWIFT_VERSION = 5.0;
				TARGETED_DEVICE_FAMILY = "1,2";
				TEST_TARGET_NAME = SpaceLaunch;
			};
			name = Debug;
		};
		1B0C62D22ADAAEEE000A3C6B /* Release */ = {
			isa = XCBuildConfiguration;
			buildSettings = {
				ALWAYS_EMBED_SWIFT_STANDARD_LIBRARIES = YES;
				CODE_SIGN_STYLE = Automatic;
				CURRENT_PROJECT_VERSION = 1;
				DEVELOPMENT_TEAM = 8354Y6X4AR;
				GENERATE_INFOPLIST_FILE = YES;
				MARKETING_VERSION = 1.0;
				PRODUCT_BUNDLE_IDENTIFIER = com.bseyha.SpaceLaunchUITests;
				PRODUCT_NAME = "$(TARGET_NAME)";
				SWIFT_EMIT_LOC_STRINGS = NO;
				SWIFT_VERSION = 5.0;
				TARGETED_DEVICE_FAMILY = "1,2";
				TEST_TARGET_NAME = SpaceLaunch;
			};
			name = Release;
		};
		1B5292182ADBE383000569E9 /* Debug */ = {
			isa = XCBuildConfiguration;
			buildSettings = {
				ASSETCATALOG_COMPILER_GLOBAL_ACCENT_COLOR_NAME = AccentColor;
				ASSETCATALOG_COMPILER_WIDGET_BACKGROUND_COLOR_NAME = WidgetBackground;
				CODE_SIGN_STYLE = Automatic;
				CURRENT_PROJECT_VERSION = 1;
				DEVELOPMENT_TEAM = 8354Y6X4AR;
				GENERATE_INFOPLIST_FILE = YES;
				INFOPLIST_FILE = SpaceLaunchWidget/Info.plist;
				INFOPLIST_KEY_CFBundleDisplayName = SpaceLaunchWidget;
				INFOPLIST_KEY_NSHumanReadableCopyright = "";
				LD_RUNPATH_SEARCH_PATHS = (
					"$(inherited)",
					"@executable_path/Frameworks",
					"@executable_path/../../Frameworks",
				);
				MARKETING_VERSION = 1.0;
				PRODUCT_BUNDLE_IDENTIFIER = com.bseyha.SpaceLaunch.SpaceLaunchWidget;
				PRODUCT_NAME = "$(TARGET_NAME)";
				SKIP_INSTALL = YES;
				SWIFT_EMIT_LOC_STRINGS = YES;
				SWIFT_VERSION = 5.0;
				TARGETED_DEVICE_FAMILY = "1,2";
			};
			name = Debug;
		};
		1B5292192ADBE383000569E9 /* Release */ = {
			isa = XCBuildConfiguration;
			buildSettings = {
				ASSETCATALOG_COMPILER_GLOBAL_ACCENT_COLOR_NAME = AccentColor;
				ASSETCATALOG_COMPILER_WIDGET_BACKGROUND_COLOR_NAME = WidgetBackground;
				CODE_SIGN_STYLE = Automatic;
				CURRENT_PROJECT_VERSION = 1;
				DEVELOPMENT_TEAM = 8354Y6X4AR;
				GENERATE_INFOPLIST_FILE = YES;
				INFOPLIST_FILE = SpaceLaunchWidget/Info.plist;
				INFOPLIST_KEY_CFBundleDisplayName = SpaceLaunchWidget;
				INFOPLIST_KEY_NSHumanReadableCopyright = "";
				LD_RUNPATH_SEARCH_PATHS = (
					"$(inherited)",
					"@executable_path/Frameworks",
					"@executable_path/../../Frameworks",
				);
				MARKETING_VERSION = 1.0;
				PRODUCT_BUNDLE_IDENTIFIER = com.bseyha.SpaceLaunch.SpaceLaunchWidget;
				PRODUCT_NAME = "$(TARGET_NAME)";
				SKIP_INSTALL = YES;
				SWIFT_EMIT_LOC_STRINGS = YES;
				SWIFT_VERSION = 5.0;
				TARGETED_DEVICE_FAMILY = "1,2";
			};
			name = Release;
		};
/* End XCBuildConfiguration section */

/* Begin XCConfigurationList section */
		1B0C62A12ADAAEEC000A3C6B /* Build configuration list for PBXProject "SpaceLaunch" */ = {
			isa = XCConfigurationList;
			buildConfigurations = (
				1B0C62C82ADAAEEE000A3C6B /* Debug */,
				1B0C62C92ADAAEEE000A3C6B /* Release */,
			);
			defaultConfigurationIsVisible = 0;
			defaultConfigurationName = Release;
		};
		1B0C62CA2ADAAEEE000A3C6B /* Build configuration list for PBXNativeTarget "SpaceLaunch" */ = {
			isa = XCConfigurationList;
			buildConfigurations = (
				1B0C62CB2ADAAEEE000A3C6B /* Debug */,
				1B0C62CC2ADAAEEE000A3C6B /* Release */,
			);
			defaultConfigurationIsVisible = 0;
			defaultConfigurationName = Release;
		};
		1B0C62CD2ADAAEEE000A3C6B /* Build configuration list for PBXNativeTarget "SpaceLaunchTests" */ = {
			isa = XCConfigurationList;
			buildConfigurations = (
				1B0C62CE2ADAAEEE000A3C6B /* Debug */,
				1B0C62CF2ADAAEEE000A3C6B /* Release */,
			);
			defaultConfigurationIsVisible = 0;
			defaultConfigurationName = Release;
		};
		1B0C62D02ADAAEEE000A3C6B /* Build configuration list for PBXNativeTarget "SpaceLaunchUITests" */ = {
			isa = XCConfigurationList;
			buildConfigurations = (
				1B0C62D12ADAAEEE000A3C6B /* Debug */,
				1B0C62D22ADAAEEE000A3C6B /* Release */,
			);
			defaultConfigurationIsVisible = 0;
			defaultConfigurationName = Release;
		};
		1B5292172ADBE383000569E9 /* Build configuration list for PBXNativeTarget "SpaceLaunchWidgetExtension" */ = {
			isa = XCConfigurationList;
			buildConfigurations = (
				1B5292182ADBE383000569E9 /* Debug */,
				1B5292192ADBE383000569E9 /* Release */,
			);
			defaultConfigurationIsVisible = 0;
			defaultConfigurationName = Release;
		};
/* End XCConfigurationList section */
	};
	rootObject = 1B0C629E2ADAAEEC000A3C6B /* Project object */;
}
